extract-tissue:
  cmd: docker -H mobydick.crs4.it  run --rm -p 8787:8787  -v /mnt/tdm-dic/digital_pathology/slides/PROMORT_NDPI_TEST:/data
    -v /mnt/tdm-dic/slaid/output/PROMORT_NDPI_TEST:/output  mobydick.crs4.it:5000/slaid:0.8.1-develop-extract_tissue_eddl-1.1.0
    parallel -l 0 -b 10000 /data/ /output
  deps:
  - path: ssh://ldic@mobydick.crs4.it//mnt/tdm-dic/digital_pathology/slides/PROMORT_NDPI_TEST
    md5: 00db49702a43d02861f78fc1e0daf17e.dir
    size: 10357661825
    nfiles: 6
  outs:
  - path: ssh://ldic@mobydick.crs4.it//mnt/tdm-dic/slaid/output/PROMORT_NDPI_TEST
    md5: 7f3287c6366a5ef7291baf020bc0d93d.dir
    size: 102092789
    nfiles: 529
